Microsoft Visual Studio Solution File, Format Version 12.00
# Visual Studio Version 17
VisualStudioVersion = 17.5.2.0
MinimumVisualStudioVersion = 10.0.40219.1
Project("{FAE04EC0-301F-11D3-BF4B-00C04F79EFBC}") = "WrapperApi", "WrapperApi\WrapperApi.csproj", "{FAD1E29C-6FCF-4FFA-99E7-6730458C905C}"
EndProject
Global
	GlobalSection(SolutionConfigurationPlatforms) = preSolution
		Debug|Any CPU = Debug|Any CPU
		Release|Any CPU = Release|Any CPU
	EndGlobalSection
	GlobalSection(ProjectConfigurationPlatforms) = postSolution
		{FAD1E29C-6FCF-4FFA-99E7-6730458C905C}.Debug|Any CPU.ActiveCfg = Debug|Any CPU
		{FAD1E29C-6FCF-4FFA-99E7-6730458C905C}.Debug|Any CPU.Build.0 = Debug|Any CPU
		{FAD1E29C-6FCF-4FFA-99E7-6730458C905C}.Release|Any CPU.ActiveCfg = Release|Any CPU
		{FAD1E29C-6FCF-4FFA-99E7-6730458C905C}.Release|Any CPU.Build.0 = Release|Any CPU
	EndGlobalSection
	GlobalSection(SolutionProperties) = preSolution
		HideSolutionNode = FALSE
	EndGlobalSection
	GlobalSection(ExtensibilityGlobals) = postSolution
		SolutionGuid = {44D30D1A-615A-4A81-A412-4E09A46C3A84}
	EndGlobalSection
EndGlobal
